{
    "version": "0.5",
    "requires": [
        "zlib/1.3.2#1cb806da49011867778ffb6ac7190fcb%1777558780.503",
        "trantor/1.5.26#93b95558caf83407405ab7cf1bce0a46%1777644957.057",
        "sol2/3.5.0#fd3c55a708ff1d23db3fe4e026f3af32%1742996322.952",
        "openssl/3.6.3#a81313131c78c6414f25b5fe0a83204b%1783446193.901",
        "mpdecimal/4.0.0#2fe1a7688d6c8b4bf209ea23e8b0c6ba%1736849696.519",
        "lz4/1.9.4#a2f02ad3908618757c68d3618256a196%1775037236.076",
        "lua/5.4.8#07c9bbe8e38abd76a586d3b2a8787c3a%1763549144.866",
        "libsodium/1.0.22#4341e5bf9dbeb73e119e30ad0370bfe5%1780647221.185",
        "libpq/17.7#d1ff57ca38fa1cd2c9368643dcc6ac7a%1783436672.112",
        "libiconv/1.17#9923bc6dc6f106646d6967e0039a5ada%1774021608.288",
        "libbacktrace/cci.20210118#a7691bfccd8caaf66309df196790a5a1%1722218217.276",
        "jsoncpp/1.9.5#9415a4cf4d2e8965408f3a01a8339b48%1726135495.806",
        "glaze/7.8.4#17bfcc0739d8a1618cafd35327b1127e%1783515405.523",
        "drogon/1.9.13#251680a44562cf10050d53c0259876d5%1778471907.643",
        "catch2/3.8.1#141f4cd552b86c7278436c434473ae2f%1746216399.318",
        "c-ares/1.34.6#545240bb1c40e2cacd4362d6b8967650%1766500685.317",
        "bzip2/1.0.8#c470882369c2d95c5c77e970c0c7e321%1762886692.465",
        "boost/1.83.0#bc9060051b428f90c2df6065f03b34f8%1783338741.364"
    ],
    "build_requires": [
        "pkgconf/2.5.1#93c2051284cba1279494a43a4fcfeae2%1757684701.089",
        "ninja/1.13.2#c8c5dc2a52ed6e4e42a66d75b4717ceb%1764096931.974",
        "meson/1.10.2#9d2d10681fe7fe61c788c58626c89b25%1775558003.754",
        "m4/1.4.19#34c4bbc3eeebe98ca6edf2f52d602e7d%1777282960.259",
        "gnu-config/cci.20210814#466e9d4d7779e1c142443f7ea44b4284%1762363589.329",
        "flex/2.6.4#efa781fc5088b47c895bd4eef6911f2e%1761560242.855",
        "cmake/3.31.12#173a926abc2b77f03c826b6fd6539426%1779785723.158",
        "bison/3.8.2#c3490cbe0078b6fd3eb4cf5ed64144dc%1755688988.644",
        "b2/5.5.3#043a75bcbb090e3f81f7ac849850d0ca%1784261134.143"
    ],
    "python_requires": [],
    "overrides": {
        "lua/5.4.6": [
            "lua/5.4.8"
        ]
    },
    "config_requires": []
}
